// !$*UTF8*$!
{
	archiveVersion = 1;
	classes = {
	};
	objectVersion = 50;
	objects = {

/* Begin PBXBuildFile section */
		4F21877123CDFD740011ECA4 /* AppDelegate.swift in Sources */ = {isa = PBXBuildFile; fileRef = 4F21877023CDFD740011ECA4 /* AppDelegate.swift */; };
		4F21877323CDFD740011ECA4 /* SceneDelegate.swift in Sources */ = {isa = PBXBuildFile; fileRef = 4F21877223CDFD740011ECA4 /* SceneDelegate.swift */; };
		4F21877523CDFD740011ECA4 /* ChangeViewController.swift in Sources */ = {isa = PBXBuildFile; fileRef = 4F21877423CDFD740011ECA4 /* ChangeViewController.swift */; };
		4F21877723CDFD740011ECA4 /* TraductionViewController.swift in Sources */ = {isa = PBXBuildFile; fileRef = 4F21877623CDFD740011ECA4 /* TraductionViewController.swift */; };
		4F21877A23CDFD740011ECA4 /* Main.storyboard in Resources */ = {isa = PBXBuildFile; fileRef = 4F21877823CDFD740011ECA4 /* Main.storyboard */; };
		4F21877C23CDFD7A0011ECA4 /* Assets.xcassets in Resources */ = {isa = PBXBuildFile; fileRef = 4F21877B23CDFD7A0011ECA4 /* Assets.xcassets */; };
		4F21877F23CDFD7A0011ECA4 /* LaunchScreen.storyboard in Resources */ = {isa = PBXBuildFile; fileRef = 4F21877D23CDFD7A0011ECA4 /* LaunchScreen.storyboard */; };
		4F21879123CE042B0011ECA4 /* MeteoViewController.swift in Sources */ = {isa = PBXBuildFile; fileRef = 4F21879023CE042B0011ECA4 /* MeteoViewController.swift */; };
		4FA100C323CF4F1B006C8CF9 /* Model.swift in Sources */ = {isa = PBXBuildFile; fileRef = 4FA100C223CF4F1B006C8CF9 /* Model.swift */; };
/* End PBXBuildFile section */

/* Begin PBXFileReference section */
		4F21876D23CDFD740011ECA4 /* TripTool.app */ = {isa = PBXFileReference; explicitFileType = wrapper.application; includeInIndex = 0; path = TripTool.app; sourceTree = BUILT_PRODUCTS_DIR; };
		4F21877023CDFD740011ECA4 /* AppDelegate.swift */ = {isa = PBXFileReference; lastKnownFileType = sourcecode.swift; path = AppDelegate.swift; sourceTree = "<group>"; };
		4F21877223CDFD740011ECA4 /* SceneDelegate.swift */ = {isa = PBXFileReference; lastKnownFileType = sourcecode.swift; path = SceneDelegate.swift; sourceTree = "<group>"; };
		4F21877423CDFD740011ECA4 /* ChangeViewController.swift */ = {isa = PBXFileReference; lastKnownFileType = sourcecode.swift; path = ChangeViewController.swift; sourceTree = "<group>"; };
		4F21877623CDFD740011ECA4 /* TraductionViewController.swift */ = {isa = PBXFileReference; lastKnownFileType = sourcecode.swift; path = TraductionViewController.swift; sourceTree = "<group>"; };
		4F21877923CDFD740011ECA4 /* Base */ = {isa = PBXFileReference; lastKnownFileType = file.storyboard; name = Base; path = Base.lproj/Main.storyboard; sourceTree = "<group>"; };
		4F21877B23CDFD7A0011ECA4 /* Assets.xcassets */ = {isa = PBXFileReference; lastKnownFileType = folder.assetcatalog; path = Assets.xcassets; sourceTree = "<group>"; };
		4F21877E23CDFD7A0011ECA4 /* Base */ = {isa = PBXFileReference; lastKnownFileType = file.storyboard; name = Base; path = Base.lproj/LaunchScreen.storyboard; sourceTree = "<group>"; };
		4F21878023CDFD7A0011ECA4 /* Info.plist */ = {isa = PBXFileReference; lastKnownFileType = text.plist.xml; path = Info.plist; sourceTree = "<group>"; };
		4F21879023CE042B0011ECA4 /* MeteoViewController.swift */ = {isa = PBXFileReference; lastKnownFileType = sourcecode.swift; path = MeteoViewController.swift; sourceTree = "<group>"; };
		4FA100C223CF4F1B006C8CF9 /* Model.swift */ = {isa = PBXFileReference; lastKnownFileType = sourcecode.swift; path = Model.swift; sourceTree = "<group>"; };
/* End PBXFileReference section */

/* Begin PBXFrameworksBuildPhase section */
		4F21876A23CDFD740011ECA4 /* Frameworks */ = {
			isa = PBXFrameworksBuildPhase;
			buildActionMask = 2147483647;
			files = (
			);
			runOnlyForDeploymentPostprocessing = 0;
		};
/* End PBXFrameworksBuildPhase section */

/* Begin PBXGroup section */
		4F21876423CDFD740011ECA4 = {
			isa = PBXGroup;
			children = (
				4F21876F23CDFD740011ECA4 /* TripTool */,
				4F21876E23CDFD740011ECA4 /* Products */,
			);
			sourceTree = "<group>";
		};
		4F21876E23CDFD740011ECA4 /* Products */ = {
			isa = PBXGroup;
			children = (
				4F21876D23CDFD740011ECA4 /* TripTool.app */,
			);
			name = Products;
			sourceTree = "<group>";
		};
		4F21876F23CDFD740011ECA4 /* TripTool */ = {
			isa = PBXGroup;
			children = (
				4F21878723CDFE480011ECA4 /* Model */,
				4F21878623CDFE240011ECA4 /* View */,
				4F21878823CDFE4F0011ECA4 /* Controller */,
				4F21878923CDFE630011ECA4 /* autres */,
				4F21878023CDFD7A0011ECA4 /* Info.plist */,
			);
			path = TripTool;
			sourceTree = "<group>";
		};
		4F21878623CDFE240011ECA4 /* View */ = {
			isa = PBXGroup;
			children = (
				4F21877823CDFD740011ECA4 /* Main.storyboard */,
				4F21877D23CDFD7A0011ECA4 /* LaunchScreen.storyboard */,
			);
			path = View;
			sourceTree = "<group>";
		};
		4F21878723CDFE480011ECA4 /* Model */ = {
			isa = PBXGroup;
			children = (
				4FA100C223CF4F1B006C8CF9 /* Model.swift */,
			);
			path = Model;
			sourceTree = "<group>";
		};
		4F21878823CDFE4F0011ECA4 /* Controller */ = {
			isa = PBXGroup;
			children = (
				4F21877423CDFD740011ECA4 /* ChangeViewController.swift */,
				4F21877623CDFD740011ECA4 /* TraductionViewController.swift */,
				4F21879023CE042B0011ECA4 /* MeteoViewController.swift */,
			);
			path = Controller;
			sourceTree = "<group>";
		};
		4F21878923CDFE630011ECA4 /* autres */ = {
			isa = PBXGroup;
			children = (
				4F21877023CDFD740011ECA4 /* AppDelegate.swift */,
				4F21877223CDFD740011ECA4 /* SceneDelegate.swift */,
				4F21877B23CDFD7A0011ECA4 /* Assets.xcassets */,
			);
			path = autres;
			sourceTree = "<group>";
		};
/* End PBXGroup section */

/* Begin PBXNativeTarget section */
		4F21876C23CDFD740011ECA4 /* TripTool */ = {
			isa = PBXNativeTarget;
			buildConfigurationList = 4F21878323CDFD7A0011ECA4 /* Build configuration list for PBXNativeTarget "TripTool" */;
			buildPhases = (
				4F21876923CDFD740011ECA4 /* Sources */,
				4F21876A23CDFD740011ECA4 /* Frameworks */,
				4F21876B23CDFD740011ECA4 /* Resources */,
			);
			buildRules = (
			);
			dependencies = (
			);
			name = TripTool;
			productName = TripTool;
			productReference = 4F21876D23CDFD740011ECA4 /* TripTool.app */;
			productType = "com.apple.product-type.application";
		};
/* End PBXNativeTarget section */

/* Begin PBXProject section */
		4F21876523CDFD740011ECA4 /* Project object */ = {
			isa = PBXProject;
			attributes = {
				LastSwiftUpdateCheck = 1120;
				LastUpgradeCheck = 1120;
				ORGANIZATIONNAME = "Gustav Berloty";
				TargetAttributes = {
					4F21876C23CDFD740011ECA4 = {
						CreatedOnToolsVersion = 11.2.1;
					};
				};
			};
			buildConfigurationList = 4F21876823CDFD740011ECA4 /* Build configuration list for PBXProject "TripTool" */;
			compatibilityVersion = "Xcode 9.3";
			developmentRegion = en;
			hasScannedForEncodings = 0;
			knownRegions = (
				en,
				Base,
			);
			mainGroup = 4F21876423CDFD740011ECA4;
			productRefGroup = 4F21876E23CDFD740011ECA4 /* Products */;
			projectDirPath = "";
			projectRoot = "";
			targets = (
				4F21876C23CDFD740011ECA4 /* TripTool */,
			);
		};
/* End PBXProject section */

/* Begin PBXResourcesBuildPhase section */
		4F21876B23CDFD740011ECA4 /* Resources */ = {
			isa = PBXResourcesBuildPhase;
			buildActionMask = 2147483647;
			files = (
				4F21877F23CDFD7A0011ECA4 /* LaunchScreen.storyboard in Resources */,
				4F21877C23CDFD7A0011ECA4 /* Assets.xcassets in Resources */,
				4F21877A23CDFD740011ECA4 /* Main.storyboard in Resources */,
			);
			runOnlyForDeploymentPostprocessing = 0;
		};
/* End PBXResourcesBuildPhase section */

/* Begin PBXSourcesBuildPhase section */
		4F21876923CDFD740011ECA4 /* Sources */ = {
			isa = PBXSourcesBuildPhase;
			buildActionMask = 2147483647;
			files = (
				4F21879123CE042B0011ECA4 /* MeteoViewController.swift in Sources */,
				4F21877723CDFD740011ECA4 /* TraductionViewController.swift in Sources */,
				4F21877523CDFD740011ECA4 /* ChangeViewController.swift in Sources */,
				4FA100C323CF4F1B006C8CF9 /* Model.swift in Sources */,
				4F21877123CDFD740011ECA4 /* AppDelegate.swift in Sources */,
				4F21877323CDFD740011ECA4 /* SceneDelegate.swift in Sources */,
			);
			runOnlyForDeploymentPostprocessing = 0;
		};
/* End PBXSourcesBuildPhase section */

/* Begin PBXVariantGroup section */
		4F21877823CDFD740011ECA4 /* Main.storyboard */ = {
			isa = PBXVariantGroup;
			children = (
				4F21877923CDFD740011ECA4 /* Base */,
			);
			name = Main.storyboard;
			sourceTree = "<group>";
		};
		4F21877D23CDFD7A0011ECA4 /* LaunchScreen.storyboard */ = {
			isa = PBXVariantGroup;
			children = (
				4F21877E23CDFD7A0011ECA4 /* Base */,
			);
			name = LaunchScreen.storyboard;
			sourceTree = "<group>";
		};
/* End PBXVariantGroup section */

/* Begin XCBuildConfiguration section */
		4F21878123CDFD7A0011ECA4 /* Debug */ = {
			isa = XCBuildConfiguration;
			buildSettings = {
				ALWAYS_SEARCH_USER_PATHS = NO;
				CLANG_ANALYZER_NONNULL = YES;
				CLANG_ANALYZER_NUMBER_OBJECT_CONVERSION = YES_AGGRESSIVE;
				CLANG_CXX_LANGUAGE_STANDARD = "gnu++14";
				CLANG_CXX_LIBRARY = "libc++";
				CLANG_ENABLE_MODULES = YES;
				CLANG_ENABLE_OBJC_ARC = YES;
				CLANG_ENABLE_OBJC_WEAK = YES;
				CLANG_WARN_BLOCK_CAPTURE_AUTORELEASING = YES;
				CLANG_WARN_BOOL_CONVERSION = YES;
				CLANG_WARN_COMMA = YES;
				CLANG_WARN_CONSTANT_CONVERSION = YES;
				CLANG_WARN_DEPRECATED_OBJC_IMPLEMENTATIONS = YES;
				CLANG_WARN_DIRECT_OBJC_ISA_USAGE = YES_ERROR;
				CLANG_WARN_DOCUMENTATION_COMMENTS = YES;
				CLANG_WARN_EMPTY_BODY = YES;
				CLANG_WARN_ENUM_CONVERSION = YES;
				CLANG_WARN_INFINITE_RECURSION = YES;
				CLANG_WARN_INT_CONVERSION = YES;
				CLANG_WARN_NON_LITERAL_NULL_CONVERSION = YES;
				CLANG_WARN_OBJC_IMPLICIT_RETAIN_SELF = YES;
				CLANG_WARN_OBJC_LITERAL_CONVERSION = YES;
				CLANG_WARN_OBJC_ROOT_CLASS = YES_ERROR;
				CLANG_WARN_RANGE_LOOP_ANALYSIS = YES;
				CLANG_WARN_STRICT_PROTOTYPES = YES;
				CLANG_WARN_SUSPICIOUS_MOVE = YES;
				CLANG_WARN_UNGUARDED_AVAILABILITY = YES_AGGRESSIVE;
				CLANG_WARN_UNREACHABLE_CODE = YES;
				CLANG_WARN__DUPLICATE_METHOD_MATCH = YES;
				COPY_PHASE_STRIP = NO;
				DEBUG_INFORMATION_FORMAT = dwarf;
				ENABLE_STRICT_OBJC_MSGSEND = YES;
				ENABLE_TESTABILITY = YES;
				GCC_C_LANGUAGE_STANDARD = gnu11;
				GCC_DYNAMIC_NO_PIC = NO;
				GCC_NO_COMMON_BLOCKS = YES;
				GCC_OPTIMIZATION_LEVEL = 0;
				GCC_PREPROCESSOR_DEFINITIONS = (
					"DEBUG=1",
					"$(inherited)",
				);
				GCC_WARN_64_TO_32_BIT_CONVERSION = YES;
				GCC_WARN_ABOUT_RETURN_TYPE = YES_ERROR;
				GCC_WARN_UNDECLARED_SELECTOR = YES;
				GCC_WARN_UNINITIALIZED_AUTOS = YES_AGGRESSIVE;
				GCC_WARN_UNUSED_FUNCTION = YES;
				GCC_WARN_UNUSED_VARIABLE = YES;
				IPHONEOS_DEPLOYMENT_TARGET = 13.2;
				MTL_ENABLE_DEBUG_INFO = INCLUDE_SOURCE;
				MTL_FAST_MATH = YES;
				ONLY_ACTIVE_ARCH = YES;
				SDKROOT = iphoneos;
				SWIFT_ACTIVE_COMPILATION_CONDITIONS = DEBUG;
				SWIFT_OPTIMIZATION_LEVEL = "-Onone";
			};
			name = Debug;
		};
		4F21878223CDFD7A0011ECA4 /* Release */ = {
			isa = XCBuildConfiguration;
			buildSettings = {
				ALWAYS_SEARCH_USER_PATHS = NO;
				CLANG_ANALYZER_NONNULL = YES;
				CLANG_ANALYZER_NUMBER_OBJECT_CONVERSION = YES_AGGRESSIVE;
				CLANG_CXX_LANGUAGE_STANDARD = "gnu++14";
				CLANG_CXX_LIBRARY = "libc++";
				CLANG_ENABLE_MODULES = YES;
				CLANG_ENABLE_OBJC_ARC = YES;
				CLANG_ENABLE_OBJC_WEAK = YES;
				CLANG_WARN_BLOCK_CAPTURE_AUTORELEASING = YES;
				CLANG_WARN_BOOL_CONVERSION = YES;
				CLANG_WARN_COMMA = YES;
				CLANG_WARN_CONSTANT_CONVERSION = YES;
				CLANG_WARN_DEPRECATED_OBJC_IMPLEMENTATIONS = YES;
				CLANG_WARN_DIRECT_OBJC_ISA_USAGE = YES_ERROR;
				CLANG_WARN_DOCUMENTATION_COMMENTS = YES;
				CLANG_WARN_EMPTY_BODY = YES;
				CLANG_WARN_ENUM_CONVERSION = YES;
				CLANG_WARN_INFINITE_RECURSION = YES;
				CLANG_WARN_INT_CONVERSION = YES;
				CLANG_WARN_NON_LITERAL_NULL_CONVERSION = YES;
				CLANG_WARN_OBJC_IMPLICIT_RETAIN_SELF = YES;
				CLANG_WARN_OBJC_LITERAL_CONVERSION = YES;
				CLANG_WARN_OBJC_ROOT_CLASS = YES_ERROR;
				CLANG_WARN_RANGE_LOOP_ANALYSIS = YES;
				CLANG_WARN_STRICT_PROTOTYPES = YES;
				CLANG_WARN_SUSPICIOUS_MOVE = YES;
				CLANG_WARN_UNGUARDED_AVAILABILITY = YES_AGGRESSIVE;
				CLANG_WARN_UNREACHABLE_CODE = YES;
				CLANG_WARN__DUPLICATE_METHOD_MATCH = YES;
				COPY_PHASE_STRIP = NO;
				DEBUG_INFORMATION_FORMAT = "dwarf-with-dsym";
				ENABLE_NS_ASSERTIONS = NO;
				ENABLE_STRICT_OBJC_MSGSEND = YES;
				GCC_C_LANGUAGE_STANDARD = gnu11;
				GCC_NO_COMMON_BLOCKS = YES;
				GCC_WARN_64_TO_32_BIT_CONVERSION = YES;
				GCC_WARN_ABOUT_RETURN_TYPE = YES_ERROR;
				GCC_WARN_UNDECLARED_SELECTOR = YES;
				GCC_WARN_UNINITIALIZED_AUTOS = YES_AGGRESSIVE;
				GCC_WARN_UNUSED_FUNCTION = YES;
				GCC_WARN_UNUSED_VARIABLE = YES;
				IPHONEOS_DEPLOYMENT_TARGET = 13.2;
				MTL_ENABLE_DEBUG_INFO = NO;
				MTL_FAST_MATH = YES;
				SDKROOT = iphoneos;
				SWIFT_COMPILATION_MODE = wholemodule;
				SWIFT_OPTIMIZATION_LEVEL = "-O";
				VALIDATE_PRODUCT = YES;
			};
			name = Release;
		};
		4F21878423CDFD7A0011ECA4 /* Debug */ = {
			isa = XCBuildConfiguration;
			buildSettings = {
				ASSETCATALOG_COMPILER_APPICON_NAME = AppIcon;
				CODE_SIGN_STYLE = Automatic;
				DEVELOPMENT_TEAM = 3KQMJ8RW9C;
				INFOPLIST_FILE = TripTool/Info.plist;
				LD_RUNPATH_SEARCH_PATHS = (
					"$(inherited)",
					"@executable_path/Frameworks",
				);
				PRODUCT_BUNDLE_IDENTIFIER = CoursOpenclassrooms.TripTool;
				PRODUCT_NAME = "$(TARGET_NAME)";
				SWIFT_VERSION = 5.0;
				TARGETED_DEVICE_FAMILY = 1;
			};
			name = Debug;
		};
		4F21878523CDFD7A0011ECA4 /* Release */ = {
			isa = XCBuildConfiguration;
			buildSettings = {
				ASSETCATALOG_COMPILER_APPICON_NAME = AppIcon;
				CODE_SIGN_STYLE = Automatic;
				DEVELOPMENT_TEAM = 3KQMJ8RW9C;
				INFOPLIST_FILE = TripTool/Info.plist;
				LD_RUNPATH_SEARCH_PATHS = (
					"$(inherited)",
					"@executable_path/Frameworks",
				);
				PRODUCT_BUNDLE_IDENTIFIER = CoursOpenclassrooms.TripTool;
				PRODUCT_NAME = "$(TARGET_NAME)";
				SWIFT_VERSION = 5.0;
				TARGETED_DEVICE_FAMILY = 1;
			};
			name = Release;
		};
/* End XCBuildConfiguration section */

/* Begin XCConfigurationList section */
		4F21876823CDFD740011ECA4 /* Build configuration list for PBXProject "TripTool" */ = {
			isa = XCConfigurationList;
			buildConfigurations = (
				4F21878123CDFD7A0011ECA4 /* Debug */,
				4F21878223CDFD7A0011ECA4 /* Release */,
			);
			defaultConfigurationIsVisible = 0;
			defaultConfigurationName = Release;
		};
		4F21878323CDFD7A0011ECA4 /* Build configuration list for PBXNativeTarget "TripTool" */ = {
			isa = XCConfigurationList;
			buildConfigurations = (
				4F21878423CDFD7A0011ECA4 /* Debug */,
				4F21878523CDFD7A0011ECA4 /* Release */,
			);
			defaultConfigurationIsVisible = 0;
			defaultConfigurationName = Release;
		};
/* End XCConfigurationList section */
	};
	rootObject = 4F21876523CDFD740011ECA4 /* Project object */;
}
